// !$*UTF8*$!
{
	archiveVersion = 1;
	classes = {
	};
	objectVersion = 45;
	objects = {

/* Begin PBXAggregateTarget section */
		26FB080812AEE55C00E48A9A /* All */ = {
			isa = PBXAggregateTarget;
			buildConfigurationList = 26FB081712AEE59500E48A9A /* Build configuration list for PBXAggregateTarget "All" */;
			buildPhases = (
			);
			dependencies = (
				26FB080C12AEE56300E48A9A /* PBXTargetDependency */,
				260244A812B03367007CE3D1 /* PBXTargetDependency */,
				26A94CD012B18BA000D124EB /* PBXTargetDependency */,
				267CB7EE12B2DA4B00A9DFA0 /* PBXTargetDependency */,
				2653F6A012B6A4AA00C00F62 /* PBXTargetDependency */,
				2653F6E812B6B50600C00F62 /* PBXTargetDependency */,
				2626AE0612BA9B020008A579 /* PBXTargetDependency */,
				2626AE7612BAB60F0008A579 /* PBXTargetDependency */,
			);
			name = All;
			productName = All;
		};
/* End PBXAggregateTarget section */

/* Begin PBXBuildFile section */
		2602447112AFFE30007CE3D1 /* AbstractFactory.m in Sources */ = {isa = PBXBuildFile; fileRef = 2602447012AFFE30007CE3D1 /* AbstractFactory.m */; };
		260244A312B03318007CE3D1 /* Builder.m in Sources */ = {isa = PBXBuildFile; fileRef = 260244A212B03318007CE3D1 /* Builder.m */; };
		260244A412B03331007CE3D1 /* Foundation.framework in Frameworks */ = {isa = PBXBuildFile; fileRef = 26FB07DD12AEE33F00E48A9A /* Foundation.framework */; };
		2626AE0412BA9AF30008A579 /* Foundation.framework in Frameworks */ = {isa = PBXBuildFile; fileRef = 26FB07DD12AEE33F00E48A9A /* Foundation.framework */; };
		2626AE0912BA9B170008A579 /* Bridge.m in Sources */ = {isa = PBXBuildFile; fileRef = 2626AE0812BA9B170008A579 /* Bridge.m */; };
		2626AE7412BAB6040008A579 /* Foundation.framework in Frameworks */ = {isa = PBXBuildFile; fileRef = 26FB07DD12AEE33F00E48A9A /* Foundation.framework */; };
		2626AF0412BACCC30008A579 /* Composite.m in Sources */ = {isa = PBXBuildFile; fileRef = 2626AF0312BACCC30008A579 /* Composite.m */; };
		2653F69B12B6A45600C00F62 /* Foundation.framework in Frameworks */ = {isa = PBXBuildFile; fileRef = 26FB07DD12AEE33F00E48A9A /* Foundation.framework */; };
		2653F69D12B6A47100C00F62 /* Singleton.m in Sources */ = {isa = PBXBuildFile; fileRef = 2653F69C12B6A47100C00F62 /* Singleton.m */; };
		2653F6DA12B6B49400C00F62 /* Foundation.framework in Frameworks */ = {isa = PBXBuildFile; fileRef = 26FB07DD12AEE33F00E48A9A /* Foundation.framework */; };
		2653F6DD12B6B4C100C00F62 /* Adapter.m in Sources */ = {isa = PBXBuildFile; fileRef = 2653F6DC12B6B4C100C00F62 /* Adapter.m */; };
		267CB7EB12B2DA3D00A9DFA0 /* Foundation.framework in Frameworks */ = {isa = PBXBuildFile; fileRef = 26FB07DD12AEE33F00E48A9A /* Foundation.framework */; };
		267CB7F012B2DA6600A9DFA0 /* Prototype.m in Sources */ = {isa = PBXBuildFile; fileRef = 267CB7EF12B2DA6600A9DFA0 /* Prototype.m */; };
		26A94CCE12B18B9300D124EB /* Foundation.framework in Frameworks */ = {isa = PBXBuildFile; fileRef = 26FB07DD12AEE33F00E48A9A /* Foundation.framework */; };
		26A94CD212B18BBF00D124EB /* FactoryMethod.m in Sources */ = {isa = PBXBuildFile; fileRef = 26A94CD112B18BBF00D124EB /* FactoryMethod.m */; };
		26FB07DE12AEE33F00E48A9A /* Foundation.framework in Frameworks */ = {isa = PBXBuildFile; fileRef = 26FB07DD12AEE33F00E48A9A /* Foundation.framework */; };
/* End PBXBuildFile section */

/* Begin PBXContainerItemProxy section */
		260244A712B03367007CE3D1 /* PBXContainerItemProxy */ = {
			isa = PBXContainerItemProxy;
			containerPortal = 08FB7793FE84155DC02AAC07 /* Project object */;
			proxyType = 1;
			remoteGlobalIDString = 2602449C12B032F7007CE3D1;
			remoteInfo = Builder;
		};
		2626AE0512BA9B020008A579 /* PBXContainerItemProxy */ = {
			isa = PBXContainerItemProxy;
			containerPortal = 08FB7793FE84155DC02AAC07 /* Project object */;
			proxyType = 1;
			remoteGlobalIDString = 2626ADFF12BA9AE30008A579 /* Bridge */;
			remoteInfo = Bridge;
		};
		2626AE7512BAB60F0008A579 /* PBXContainerItemProxy */ = {
			isa = PBXContainerItemProxy;
			containerPortal = 08FB7793FE84155DC02AAC07 /* Project object */;
			proxyType = 1;
			remoteGlobalIDString = 2626AE6F12BAB5F90008A579 /* Composite */;
			remoteInfo = Composite;
		};
		2653F69F12B6A4AA00C00F62 /* PBXContainerItemProxy */ = {
			isa = PBXContainerItemProxy;
			containerPortal = 08FB7793FE84155DC02AAC07 /* Project object */;
			proxyType = 1;
			remoteGlobalIDString = 2653F69612B6A44000C00F62;
			remoteInfo = Singleton;
		};
		2653F6E712B6B50600C00F62 /* PBXContainerItemProxy */ = {
			isa = PBXContainerItemProxy;
			containerPortal = 08FB7793FE84155DC02AAC07 /* Project object */;
			proxyType = 1;
			remoteGlobalIDString = 2653F6D512B6B48A00C00F62;
			remoteInfo = Adapter;
		};
		267CB7ED12B2DA4B00A9DFA0 /* PBXContainerItemProxy */ = {
			isa = PBXContainerItemProxy;
			containerPortal = 08FB7793FE84155DC02AAC07 /* Project object */;
			proxyType = 1;
			remoteGlobalIDString = 267CB7E612B2DA2A00A9DFA0;
			remoteInfo = Prototype;
		};
		26A94CCF12B18BA000D124EB /* PBXContainerItemProxy */ = {
			isa = PBXContainerItemProxy;
			containerPortal = 08FB7793FE84155DC02AAC07 /* Project object */;
			proxyType = 1;
			remoteGlobalIDString = 26A94CC912B18B8900D124EB;
			remoteInfo = FactoryMethod;
		};
		26FB080B12AEE56300E48A9A /* PBXContainerItemProxy */ = {
			isa = PBXContainerItemProxy;
			containerPortal = 08FB7793FE84155DC02AAC07 /* Project object */;
			proxyType = 1;
			remoteGlobalIDString = 26FB07D412AEE18300E48A9A;
			remoteInfo = AbstractFactory;
		};
/* End PBXContainerItemProxy section */

/* Begin PBXFileReference section */
		08FB779EFE84155DC02AAC07 /* Foundation.framework */ = {isa = PBXFileReference; lastKnownFileType = wrapper.framework; name = Foundation.framework; path = /System/Library/Frameworks/Foundation.framework; sourceTree = "<absolute>"; };
		2602447012AFFE30007CE3D1 /* AbstractFactory.m */ = {isa = PBXFileReference; fileEncoding = 4; lastKnownFileType = sourcecode.c.objc; name = AbstractFactory.m; path = Source/AbstractFactory.m; sourceTree = "<group>"; };
		2602449D12B032F7007CE3D1 /* Builder */ = {isa = PBXFileReference; explicitFileType = "compiled.mach-o.executable"; includeInIndex = 0; path = Builder; sourceTree = BUILT_PRODUCTS_DIR; };
		260244A212B03318007CE3D1 /* Builder.m */ = {isa = PBXFileReference; fileEncoding = 4; lastKnownFileType = sourcecode.c.objc; name = Builder.m; path = Source/Builder.m; sourceTree = "<group>"; };
		2626AE0012BA9AE30008A579 /* Bridge */ = {isa = PBXFileReference; explicitFileType = "compiled.mach-o.executable"; includeInIndex = 0; path = Bridge; sourceTree = BUILT_PRODUCTS_DIR; };
		2626AE0812BA9B170008A579 /* Bridge.m */ = {isa = PBXFileReference; fileEncoding = 4; lastKnownFileType = sourcecode.c.objc; name = Bridge.m; path = Source/Bridge.m; sourceTree = "<group>"; };
		2626AE7012BAB5F90008A579 /* Composite */ = {isa = PBXFileReference; explicitFileType = "compiled.mach-o.executable"; includeInIndex = 0; path = Composite; sourceTree = BUILT_PRODUCTS_DIR; };
		2626AF0312BACCC30008A579 /* Composite.m */ = {isa = PBXFileReference; fileEncoding = 4; lastKnownFileType = sourcecode.c.objc; name = Composite.m; path = Source/Composite.m; sourceTree = "<group>"; };
		2653F69712B6A44000C00F62 /* Singleton */ = {isa = PBXFileReference; explicitFileType = "compiled.mach-o.executable"; includeInIndex = 0; path = Singleton; sourceTree = BUILT_PRODUCTS_DIR; };
		2653F69C12B6A47100C00F62 /* Singleton.m */ = {isa = PBXFileReference; fileEncoding = 4; lastKnownFileType = sourcecode.c.objc; name = Singleton.m; path = Source/Singleton.m; sourceTree = "<group>"; };
		2653F6D612B6B48A00C00F62 /* Adapter */ = {isa = PBXFileReference; explicitFileType = "compiled.mach-o.executable"; includeInIndex = 0; path = Adapter; sourceTree = BUILT_PRODUCTS_DIR; };
		2653F6DC12B6B4C100C00F62 /* Adapter.m */ = {isa = PBXFileReference; fileEncoding = 4; lastKnownFileType = sourcecode.c.objc; name = Adapter.m; path = Source/Adapter.m; sourceTree = "<group>"; };
		267CB7E712B2DA2A00A9DFA0 /* Prototype */ = {isa = PBXFileReference; explicitFileType = "compiled.mach-o.executable"; includeInIndex = 0; path = Prototype; sourceTree = BUILT_PRODUCTS_DIR; };
		267CB7EF12B2DA6600A9DFA0 /* Prototype.m */ = {isa = PBXFileReference; fileEncoding = 4; lastKnownFileType = sourcecode.c.objc; name = Prototype.m; path = Source/Prototype.m; sourceTree = "<group>"; };
		26A94CCA12B18B8900D124EB /* FactoryMethod */ = {isa = PBXFileReference; explicitFileType = "compiled.mach-o.executable"; includeInIndex = 0; path = FactoryMethod; sourceTree = BUILT_PRODUCTS_DIR; };
		26A94CD112B18BBF00D124EB /* FactoryMethod.m */ = {isa = PBXFileReference; fileEncoding = 4; lastKnownFileType = sourcecode.c.objc; name = FactoryMethod.m; path = Source/FactoryMethod.m; sourceTree = "<group>"; };
		26FB07D512AEE18300E48A9A /* AbstractFactory */ = {isa = PBXFileReference; explicitFileType = "compiled.mach-o.executable"; includeInIndex = 0; path = AbstractFactory; sourceTree = BUILT_PRODUCTS_DIR; };
		26FB07DD12AEE33F00E48A9A /* Foundation.framework */ = {isa = PBXFileReference; lastKnownFileType = wrapper.framework; name = Foundation.framework; path = System/Library/Frameworks/Foundation.framework; sourceTree = SDKROOT; };
/* End PBXFileReference section */

/* Begin PBXFrameworksBuildPhase section */
		2602449B12B032F7007CE3D1 /* Frameworks */ = {
			isa = PBXFrameworksBuildPhase;
			buildActionMask = 2147483647;
			files = (
				260244A412B03331007CE3D1 /* Foundation.framework in Frameworks */,
			);
			runOnlyForDeploymentPostprocessing = 0;
		};
		2626ADFE12BA9AE30008A579 /* Frameworks */ = {
			isa = PBXFrameworksBuildPhase;
			buildActionMask = 2147483647;
			files = (
				2626AE0412BA9AF30008A579 /* Foundation.framework in Frameworks */,
			);
			runOnlyForDeploymentPostprocessing = 0;
		};
		2626AE6E12BAB5F90008A579 /* Frameworks */ = {
			isa = PBXFrameworksBuildPhase;
			buildActionMask = 2147483647;
			files = (
				2626AE7412BAB6040008A579 /* Foundation.framework in Frameworks */,
			);
			runOnlyForDeploymentPostprocessing = 0;
		};
		2653F69512B6A44000C00F62 /* Frameworks */ = {
			isa = PBXFrameworksBuildPhase;
			buildActionMask = 2147483647;
			files = (
				2653F69B12B6A45600C00F62 /* Foundation.framework in Frameworks */,
			);
			runOnlyForDeploymentPostprocessing = 0;
		};
		2653F6D412B6B48A00C00F62 /* Frameworks */ = {
			isa = PBXFrameworksBuildPhase;
			buildActionMask = 2147483647;
			files = (
				2653F6DA12B6B49400C00F62 /* Foundation.framework in Frameworks */,
			);
			runOnlyForDeploymentPostprocessing = 0;
		};
		267CB7E512B2DA2A00A9DFA0 /* Frameworks */ = {
			isa = PBXFrameworksBuildPhase;
			buildActionMask = 2147483647;
			files = (
				267CB7EB12B2DA3D00A9DFA0 /* Foundation.framework in Frameworks */,
			);
			runOnlyForDeploymentPostprocessing = 0;
		};
		26A94CC812B18B8900D124EB /* Frameworks */ = {
			isa = PBXFrameworksBuildPhase;
			buildActionMask = 2147483647;
			files = (
				26A94CCE12B18B9300D124EB /* Foundation.framework in Frameworks */,
			);
			runOnlyForDeploymentPostprocessing = 0;
		};
		26FB07D312AEE18300E48A9A /* Frameworks */ = {
			isa = PBXFrameworksBuildPhase;
			buildActionMask = 2147483647;
			files = (
				26FB07DE12AEE33F00E48A9A /* Foundation.framework in Frameworks */,
			);
			runOnlyForDeploymentPostprocessing = 0;
		};
/* End PBXFrameworksBuildPhase section */

/* Begin PBXGroup section */
		08FB7794FE84155DC02AAC07 /* ObjC_Patterns_Kata */ = {
			isa = PBXGroup;
			children = (
				08FB7795FE84155DC02AAC07 /* Source */,
				C6859EA2029092E104C91782 /* Documentation */,
				08FB779DFE84155DC02AAC07 /* External Frameworks and Libraries */,
				1AB674ADFE9D54B511CA2CBB /* Products */,
				26FB07DD12AEE33F00E48A9A /* Foundation.framework */,
			);
			name = ObjC_Patterns_Kata;
			sourceTree = "<group>";
		};
		08FB7795FE84155DC02AAC07 /* Source */ = {
			isa = PBXGroup;
			children = (
				2602447012AFFE30007CE3D1 /* AbstractFactory.m */,
				260244A212B03318007CE3D1 /* Builder.m */,
				26A94CD112B18BBF00D124EB /* FactoryMethod.m */,
				267CB7EF12B2DA6600A9DFA0 /* Prototype.m */,
				2653F69C12B6A47100C00F62 /* Singleton.m */,
				2653F6DC12B6B4C100C00F62 /* Adapter.m */,
				2626AE0812BA9B170008A579 /* Bridge.m */,
				2626AF0312BACCC30008A579 /* Composite.m */,
			);
			name = Source;
			sourceTree = "<group>";
		};
		08FB779DFE84155DC02AAC07 /* External Frameworks and Libraries */ = {
			isa = PBXGroup;
			children = (
				08FB779EFE84155DC02AAC07 /* Foundation.framework */,
			);
			name = "External Frameworks and Libraries";
			sourceTree = "<group>";
		};
		1AB674ADFE9D54B511CA2CBB /* Products */ = {
			isa = PBXGroup;
			children = (
				26FB07D512AEE18300E48A9A /* AbstractFactory */,
				2602449D12B032F7007CE3D1 /* Builder */,
				26A94CCA12B18B8900D124EB /* FactoryMethod */,
				267CB7E712B2DA2A00A9DFA0 /* Prototype */,
				2653F69712B6A44000C00F62 /* Singleton */,
				2653F6D612B6B48A00C00F62 /* Adapter */,
				2626AE0012BA9AE30008A579 /* Bridge */,
				2626AE7012BAB5F90008A579 /* Composite */,
			);
			name = Products;
			sourceTree = "<group>";
		};
		C6859EA2029092E104C91782 /* Documentation */ = {
			isa = PBXGroup;
			children = (
			);
			name = Documentation;
			sourceTree = "<group>";
		};
/* End PBXGroup section */

/* Begin PBXNativeTarget section */
		2602449C12B032F7007CE3D1 /* Builder */ = {
			isa = PBXNativeTarget;
			buildConfigurationList = 260244A112B03315007CE3D1 /* Build configuration list for PBXNativeTarget "Builder" */;
			buildPhases = (
				2602449A12B032F7007CE3D1 /* Sources */,
				2602449B12B032F7007CE3D1 /* Frameworks */,
			);
			buildRules = (
			);
			dependencies = (
			);
			name = Builder;
			productName = Builder;
			productReference = 2602449D12B032F7007CE3D1 /* Builder */;
			productType = "com.apple.product-type.tool";
		};
		2626ADFF12BA9AE30008A579 /* Bridge */ = {
			isa = PBXNativeTarget;
			buildConfigurationList = 2626AE0A12BA9B180008A579 /* Build configuration list for PBXNativeTarget "Bridge" */;
			buildPhases = (
				2626ADFD12BA9AE30008A579 /* Sources */,
				2626ADFE12BA9AE30008A579 /* Frameworks */,
			);
			buildRules = (
			);
			dependencies = (
			);
			name = Bridge;
			productName = Bridge;
			productReference = 2626AE0012BA9AE30008A579 /* Bridge */;
			productType = "com.apple.product-type.tool";
		};
		2626AE6F12BAB5F90008A579 /* Composite */ = {
			isa = PBXNativeTarget;
			buildConfigurationList = 2626AE7712BAB62D0008A579 /* Build configuration list for PBXNativeTarget "Composite" */;
			buildPhases = (
				2626AE6D12BAB5F90008A579 /* Sources */,
				2626AE6E12BAB5F90008A579 /* Frameworks */,
			);
			buildRules = (
			);
			dependencies = (
			);
			name = Composite;
			productName = Composite;
			productReference = 2626AE7012BAB5F90008A579 /* Composite */;
			productType = "com.apple.product-type.tool";
		};
		2653F69612B6A44000C00F62 /* Singleton */ = {
			isa = PBXNativeTarget;
			buildConfigurationList = 2653F69E12B6A47100C00F62 /* Build configuration list for PBXNativeTarget "Singleton" */;
			buildPhases = (
				2653F69412B6A44000C00F62 /* Sources */,
				2653F69512B6A44000C00F62 /* Frameworks */,
			);
			buildRules = (
			);
			dependencies = (
			);
			name = Singleton;
			productName = Singleton;
			productReference = 2653F69712B6A44000C00F62 /* Singleton */;
			productType = "com.apple.product-type.tool";
		};
		2653F6D512B6B48A00C00F62 /* Adapter */ = {
			isa = PBXNativeTarget;
			buildConfigurationList = 2653F6DB12B6B4B800C00F62 /* Build configuration list for PBXNativeTarget "Adapter" */;
			buildPhases = (
				2653F6D312B6B48A00C00F62 /* Sources */,
				2653F6D412B6B48A00C00F62 /* Frameworks */,
			);
			buildRules = (
			);
			dependencies = (
			);
			name = Adapter;
			productName = Adapter;
			productReference = 2653F6D612B6B48A00C00F62 /* Adapter */;
			productType = "com.apple.product-type.tool";
		};
		267CB7E612B2DA2A00A9DFA0 /* Prototype */ = {
			isa = PBXNativeTarget;
			buildConfigurationList = 267CB7F112B2DA6600A9DFA0 /* Build configuration list for PBXNativeTarget "Prototype" */;
			buildPhases = (
				267CB7E412B2DA2A00A9DFA0 /* Sources */,
				267CB7E512B2DA2A00A9DFA0 /* Frameworks */,
			);
			buildRules = (
			);
			dependencies = (
			);
			name = Prototype;
			productName = Prototype;
			productReference = 267CB7E712B2DA2A00A9DFA0 /* Prototype */;
			productType = "com.apple.product-type.tool";
		};
		26A94CC912B18B8900D124EB /* FactoryMethod */ = {
			isa = PBXNativeTarget;
			buildConfigurationList = 26A94CD312B18BBF00D124EB /* Build configuration list for PBXNativeTarget "FactoryMethod" */;
			buildPhases = (
				26A94CC712B18B8900D124EB /* Sources */,
				26A94CC812B18B8900D124EB /* Frameworks */,
			);
			buildRules = (
			);
			dependencies = (
			);
			name = FactoryMethod;
			productName = FactoryMethod;
			productReference = 26A94CCA12B18B8900D124EB /* FactoryMethod */;
			productType = "com.apple.product-type.tool";
		};
		26FB07D412AEE18300E48A9A /* AbstractFactory */ = {
			isa = PBXNativeTarget;
			buildConfigurationList = 26FB07D912AEE1A100E48A9A /* Build configuration list for PBXNativeTarget "AbstractFactory" */;
			buildPhases = (
				26FB07D212AEE18300E48A9A /* Sources */,
				26FB07D312AEE18300E48A9A /* Frameworks */,
			);
			buildRules = (
			);
			dependencies = (
			);
			name = AbstractFactory;
			productName = AbstractFactory;
			productReference = 26FB07D512AEE18300E48A9A /* AbstractFactory */;
			productType = "com.apple.product-type.tool";
		};
/* End PBXNativeTarget section */

/* Begin PBXProject section */
		08FB7793FE84155DC02AAC07 /* Project object */ = {
			isa = PBXProject;
			buildConfigurationList = 1DEB927808733DD40010E9CD /* Build configuration list for PBXProject "ObjC_Patterns_Kata" */;
			compatibilityVersion = "Xcode 3.1";
			hasScannedForEncodings = 1;
			mainGroup = 08FB7794FE84155DC02AAC07 /* ObjC_Patterns_Kata */;
			projectDirPath = "";
			projectRoot = "";
			targets = (
				26FB07D412AEE18300E48A9A /* AbstractFactory */,
				26FB080812AEE55C00E48A9A /* All */,
				2602449C12B032F7007CE3D1 /* Builder */,
				26A94CC912B18B8900D124EB /* FactoryMethod */,
				267CB7E612B2DA2A00A9DFA0 /* Prototype */,
				2653F69612B6A44000C00F62 /* Singleton */,
				2653F6D512B6B48A00C00F62 /* Adapter */,
				2626ADFF12BA9AE30008A579 /* Bridge */,
				2626AE6F12BAB5F90008A579 /* Composite */,
			);
		};
/* End PBXProject section */

/* Begin PBXSourcesBuildPhase section */
		2602449A12B032F7007CE3D1 /* Sources */ = {
			isa = PBXSourcesBuildPhase;
			buildActionMask = 2147483647;
			files = (
				260244A312B03318007CE3D1 /* Builder.m in Sources */,
			);
			runOnlyForDeploymentPostprocessing = 0;
		};
		2626ADFD12BA9AE30008A579 /* Sources */ = {
			isa = PBXSourcesBuildPhase;
			buildActionMask = 2147483647;
			files = (
				2626AE0912BA9B170008A579 /* Bridge.m in Sources */,
			);
			runOnlyForDeploymentPostprocessing = 0;
		};
		2626AE6D12BAB5F90008A579 /* Sources */ = {
			isa = PBXSourcesBuildPhase;
			buildActionMask = 2147483647;
			files = (
				2626AF0412BACCC30008A579 /* Composite.m in Sources */,
			);
			runOnlyForDeploymentPostprocessing = 0;
		};
		2653F69412B6A44000C00F62 /* Sources */ = {
			isa = PBXSourcesBuildPhase;
			buildActionMask = 2147483647;
			files = (
				2653F69D12B6A47100C00F62 /* Singleton.m in Sources */,
			);
			runOnlyForDeploymentPostprocessing = 0;
		};
		2653F6D312B6B48A00C00F62 /* Sources */ = {
			isa = PBXSourcesBuildPhase;
			buildActionMask = 2147483647;
			files = (
				2653F6DD12B6B4C100C00F62 /* Adapter.m in Sources */,
			);
			runOnlyForDeploymentPostprocessing = 0;
		};
		267CB7E412B2DA2A00A9DFA0 /* Sources */ = {
			isa = PBXSourcesBuildPhase;
			buildActionMask = 2147483647;
			files = (
				267CB7F012B2DA6600A9DFA0 /* Prototype.m in Sources */,
			);
			runOnlyForDeploymentPostprocessing = 0;
		};
		26A94CC712B18B8900D124EB /* Sources */ = {
			isa = PBXSourcesBuildPhase;
			buildActionMask = 2147483647;
			files = (
				26A94CD212B18BBF00D124EB /* FactoryMethod.m in Sources */,
			);
			runOnlyForDeploymentPostprocessing = 0;
		};
		26FB07D212AEE18300E48A9A /* Sources */ = {
			isa = PBXSourcesBuildPhase;
			buildActionMask = 2147483647;
			files = (
				2602447112AFFE30007CE3D1 /* AbstractFactory.m in Sources */,
			);
			runOnlyForDeploymentPostprocessing = 0;
		};
/* End PBXSourcesBuildPhase section */

/* Begin PBXTargetDependency section */
		260244A812B03367007CE3D1 /* PBXTargetDependency */ = {
			isa = PBXTargetDependency;
			target = 2602449C12B032F7007CE3D1 /* Builder */;
			targetProxy = 260244A712B03367007CE3D1 /* PBXContainerItemProxy */;
		};
		2626AE0612BA9B020008A579 /* PBXTargetDependency */ = {
			isa = PBXTargetDependency;
			target = 2626ADFF12BA9AE30008A579 /* Bridge */;
			targetProxy = 2626AE0512BA9B020008A579 /* PBXContainerItemProxy */;
		};
		2626AE7612BAB60F0008A579 /* PBXTargetDependency */ = {
			isa = PBXTargetDependency;
			target = 2626AE6F12BAB5F90008A579 /* Composite */;
			targetProxy = 2626AE7512BAB60F0008A579 /* PBXContainerItemProxy */;
		};
		2653F6A012B6A4AA00C00F62 /* PBXTargetDependency */ = {
			isa = PBXTargetDependency;
			target = 2653F69612B6A44000C00F62 /* Singleton */;
			targetProxy = 2653F69F12B6A4AA00C00F62 /* PBXContainerItemProxy */;
		};
		2653F6E812B6B50600C00F62 /* PBXTargetDependency */ = {
			isa = PBXTargetDependency;
			target = 2653F6D512B6B48A00C00F62 /* Adapter */;
			targetProxy = 2653F6E712B6B50600C00F62 /* PBXContainerItemProxy */;
		};
		267CB7EE12B2DA4B00A9DFA0 /* PBXTargetDependency */ = {
			isa = PBXTargetDependency;
			target = 267CB7E612B2DA2A00A9DFA0 /* Prototype */;
			targetProxy = 267CB7ED12B2DA4B00A9DFA0 /* PBXContainerItemProxy */;
		};
		26A94CD012B18BA000D124EB /* PBXTargetDependency */ = {
			isa = PBXTargetDependency;
			target = 26A94CC912B18B8900D124EB /* FactoryMethod */;
			targetProxy = 26A94CCF12B18BA000D124EB /* PBXContainerItemProxy */;
		};
		26FB080C12AEE56300E48A9A /* PBXTargetDependency */ = {
			isa = PBXTargetDependency;
			target = 26FB07D412AEE18300E48A9A /* AbstractFactory */;
			targetProxy = 26FB080B12AEE56300E48A9A /* PBXContainerItemProxy */;
		};
/* End PBXTargetDependency section */

/* Begin XCBuildConfiguration section */
		1DEB927908733DD40010E9CD /* Debug */ = {
			isa = XCBuildConfiguration;
			buildSettings = {
				ARCHS = "$(ARCHS_STANDARD_32_64_BIT)";
				GCC_C_LANGUAGE_STANDARD = gnu99;
				GCC_OPTIMIZATION_LEVEL = 0;
				GCC_WARN_ABOUT_RETURN_TYPE = YES;
				GCC_WARN_UNUSED_VARIABLE = YES;
				ONLY_ACTIVE_ARCH = YES;
				PREBINDING = NO;
				SDKROOT = macosx10.6;
			};
			name = Debug;
		};
		1DEB927A08733DD40010E9CD /* Release */ = {
			isa = XCBuildConfiguration;
			buildSettings = {
				ARCHS = "$(ARCHS_STANDARD_32_64_BIT)";
				GCC_C_LANGUAGE_STANDARD = gnu99;
				GCC_WARN_ABOUT_RETURN_TYPE = YES;
				GCC_WARN_UNUSED_VARIABLE = YES;
				PREBINDING = NO;
				SDKROOT = macosx10.6;
			};
			name = Release;
		};
		2602449F12B032F7007CE3D1 /* Debug */ = {
			isa = XCBuildConfiguration;
			buildSettings = {
				ALWAYS_SEARCH_USER_PATHS = NO;
				COPY_PHASE_STRIP = NO;
				GCC_DYNAMIC_NO_PIC = NO;
				GCC_ENABLE_FIX_AND_CONTINUE = YES;
				GCC_MODEL_TUNING = G5;
				GCC_OPTIMIZATION_LEVEL = 0;
				GCC_PRECOMPILE_PREFIX_HEADER = NO;
				GCC_PREFIX_HEADER = "$(SYSTEM_LIBRARY_DIR)/Frameworks/AppKit.framework/Headers/AppKit.h";
				INSTALL_PATH = /usr/local/bin;
				OTHER_LDFLAGS = (
					"-framework",
					Foundation,
					"-framework",
					AppKit,
				);
				PREBINDING = NO;
				PRODUCT_NAME = Builder;
			};
			name = Debug;
		};
		260244A012B032F7007CE3D1 /* Release */ = {
			isa = XCBuildConfiguration;
			buildSettings = {
				ALWAYS_SEARCH_USER_PATHS = NO;
				COPY_PHASE_STRIP = YES;
				DEBUG_INFORMATION_FORMAT = "dwarf-with-dsym";
				GCC_ENABLE_FIX_AND_CONTINUE = NO;
				GCC_MODEL_TUNING = G5;
				GCC_PRECOMPILE_PREFIX_HEADER = NO;
				GCC_PREFIX_HEADER = "$(SYSTEM_LIBRARY_DIR)/Frameworks/AppKit.framework/Headers/AppKit.h";
				INSTALL_PATH = /usr/local/bin;
				OTHER_LDFLAGS = (
					"-framework",
					Foundation,
					"-framework",
					AppKit,
				);
				PREBINDING = NO;
				PRODUCT_NAME = Builder;
				ZERO_LINK = NO;
			};
			name = Release;
		};
		2626AE0212BA9AE40008A579 /* Debug */ = {
			isa = XCBuildConfiguration;
			buildSettings = {
				ALWAYS_SEARCH_USER_PATHS = NO;
				COPY_PHASE_STRIP = NO;
				GCC_DYNAMIC_NO_PIC = NO;
				GCC_ENABLE_FIX_AND_CONTINUE = YES;
				GCC_MODEL_TUNING = G5;
				GCC_OPTIMIZATION_LEVEL = 0;
				GCC_PRECOMPILE_PREFIX_HEADER = YES;
				GCC_PREFIX_HEADER = "$(SYSTEM_LIBRARY_DIR)/Frameworks/AppKit.framework/Headers/AppKit.h";
				INSTALL_PATH = /usr/local/bin;
				OTHER_LDFLAGS = (
					"-framework",
					Foundation,
					"-framework",
					AppKit,
				);
				PREBINDING = NO;
				PRECOMPS_INCLUDE_HEADERS_FROM_BUILT_PRODUCTS_DIR = NO;
				PRODUCT_NAME = Bridge;
			};
			name = Debug;
		};
		2626AE0312BA9AE40008A579 /* Release */ = {
			isa = XCBuildConfiguration;
			buildSettings = {
				ALWAYS_SEARCH_USER_PATHS = NO;
				COPY_PHASE_STRIP = YES;
				DEBUG_INFORMATION_FORMAT = "dwarf-with-dsym";
				GCC_ENABLE_FIX_AND_CONTINUE = NO;
				GCC_MODEL_TUNING = G5;
				GCC_PRECOMPILE_PREFIX_HEADER = YES;
				GCC_PREFIX_HEADER = "$(SYSTEM_LIBRARY_DIR)/Frameworks/AppKit.framework/Headers/AppKit.h";
				INSTALL_PATH = /usr/local/bin;
				OTHER_LDFLAGS = (
					"-framework",
					Foundation,
					"-framework",
					AppKit,
				);
				PREBINDING = NO;
				PRECOMPS_INCLUDE_HEADERS_FROM_BUILT_PRODUCTS_DIR = NO;
				PRODUCT_NAME = Bridge;
				ZERO_LINK = NO;
			};
			name = Release;
		};
		2626AE7212BAB5F90008A579 /* Debug */ = {
			isa = XCBuildConfiguration;
			buildSettings = {
				ALWAYS_SEARCH_USER_PATHS = NO;
				COPY_PHASE_STRIP = NO;
				GCC_DYNAMIC_NO_PIC = NO;
				GCC_ENABLE_FIX_AND_CONTINUE = YES;
				GCC_MODEL_TUNING = G5;
				GCC_OPTIMIZATION_LEVEL = 0;
				GCC_PRECOMPILE_PREFIX_HEADER = YES;
				GCC_PREFIX_HEADER = "$(SYSTEM_LIBRARY_DIR)/Frameworks/AppKit.framework/Headers/AppKit.h";
				INSTALL_PATH = /usr/local/bin;
				OTHER_LDFLAGS = (
					"-framework",
					Foundation,
					"-framework",
					AppKit,
				);
				PREBINDING = NO;
				PRECOMPS_INCLUDE_HEADERS_FROM_BUILT_PRODUCTS_DIR = NO;
				PRODUCT_NAME = Composite;
			};
			name = Debug;
		};
		2626AE7312BAB5F90008A579 /* Release */ = {
			isa = XCBuildConfiguration;
			buildSettings = {
				ALWAYS_SEARCH_USER_PATHS = NO;
				COPY_PHASE_STRIP = YES;
				DEBUG_INFORMATION_FORMAT = "dwarf-with-dsym";
				GCC_ENABLE_FIX_AND_CONTINUE = NO;
				GCC_MODEL_TUNING = G5;
				GCC_PRECOMPILE_PREFIX_HEADER = YES;
				GCC_PREFIX_HEADER = "$(SYSTEM_LIBRARY_DIR)/Frameworks/AppKit.framework/Headers/AppKit.h";
				INSTALL_PATH = /usr/local/bin;
				OTHER_LDFLAGS = (
					"-framework",
					Foundation,
					"-framework",
					AppKit,
				);
				PREBINDING = NO;
				PRECOMPS_INCLUDE_HEADERS_FROM_BUILT_PRODUCTS_DIR = NO;
				PRODUCT_NAME = Composite;
				ZERO_LINK = NO;
			};
			name = Release;
		};
		2653F69912B6A44100C00F62 /* Debug */ = {
			isa = XCBuildConfiguration;
			buildSettings = {
				ALWAYS_SEARCH_USER_PATHS = NO;
				COPY_PHASE_STRIP = NO;
				GCC_DYNAMIC_NO_PIC = NO;
				GCC_ENABLE_FIX_AND_CONTINUE = YES;
				GCC_MODEL_TUNING = G5;
				GCC_OPTIMIZATION_LEVEL = 0;
				GCC_PRECOMPILE_PREFIX_HEADER = YES;
				GCC_PREFIX_HEADER = "$(SYSTEM_LIBRARY_DIR)/Frameworks/AppKit.framework/Headers/AppKit.h";
				INSTALL_PATH = /usr/local/bin;
				OTHER_LDFLAGS = (
					"-framework",
					Foundation,
					"-framework",
					AppKit,
				);
				PREBINDING = NO;
				PRECOMPS_INCLUDE_HEADERS_FROM_BUILT_PRODUCTS_DIR = NO;
				PRODUCT_NAME = Singleton;
			};
			name = Debug;
		};
		2653F69A12B6A44100C00F62 /* Release */ = {
			isa = XCBuildConfiguration;
			buildSettings = {
				ALWAYS_SEARCH_USER_PATHS = NO;
				COPY_PHASE_STRIP = YES;
				DEBUG_INFORMATION_FORMAT = "dwarf-with-dsym";
				GCC_ENABLE_FIX_AND_CONTINUE = NO;
				GCC_MODEL_TUNING = G5;
				GCC_PRECOMPILE_PREFIX_HEADER = YES;
				GCC_PREFIX_HEADER = "$(SYSTEM_LIBRARY_DIR)/Frameworks/AppKit.framework/Headers/AppKit.h";
				INSTALL_PATH = /usr/local/bin;
				OTHER_LDFLAGS = (
					"-framework",
					Foundation,
					"-framework",
					AppKit,
				);
				PREBINDING = NO;
				PRECOMPS_INCLUDE_HEADERS_FROM_BUILT_PRODUCTS_DIR = NO;
				PRODUCT_NAME = Singleton;
				ZERO_LINK = NO;
			};
			name = Release;
		};
		2653F6D812B6B48A00C00F62 /* Debug */ = {
			isa = XCBuildConfiguration;
			buildSettings = {
				ALWAYS_SEARCH_USER_PATHS = NO;
				COPY_PHASE_STRIP = NO;
				GCC_DYNAMIC_NO_PIC = NO;
				GCC_ENABLE_FIX_AND_CONTINUE = YES;
				GCC_MODEL_TUNING = G5;
				GCC_OPTIMIZATION_LEVEL = 0;
				GCC_PRECOMPILE_PREFIX_HEADER = YES;
				GCC_PREFIX_HEADER = "$(SYSTEM_LIBRARY_DIR)/Frameworks/AppKit.framework/Headers/AppKit.h";
				INSTALL_PATH = /usr/local/bin;
				OTHER_LDFLAGS = (
					"-framework",
					Foundation,
					"-framework",
					AppKit,
				);
				PREBINDING = NO;
				PRECOMPS_INCLUDE_HEADERS_FROM_BUILT_PRODUCTS_DIR = NO;
				PRODUCT_NAME = Adapter;
			};
			name = Debug;
		};
		2653F6D912B6B48A00C00F62 /* Release */ = {
			isa = XCBuildConfiguration;
			buildSettings = {
				ALWAYS_SEARCH_USER_PATHS = NO;
				COPY_PHASE_STRIP = YES;
				DEBUG_INFORMATION_FORMAT = "dwarf-with-dsym";
				GCC_ENABLE_FIX_AND_CONTINUE = NO;
				GCC_MODEL_TUNING = G5;
				GCC_PRECOMPILE_PREFIX_HEADER = YES;
				GCC_PREFIX_HEADER = "$(SYSTEM_LIBRARY_DIR)/Frameworks/AppKit.framework/Headers/AppKit.h";
				INSTALL_PATH = /usr/local/bin;
				OTHER_LDFLAGS = (
					"-framework",
					Foundation,
					"-framework",
					AppKit,
				);
				PREBINDING = NO;
				PRECOMPS_INCLUDE_HEADERS_FROM_BUILT_PRODUCTS_DIR = NO;
				PRODUCT_NAME = Adapter;
				ZERO_LINK = NO;
			};
			name = Release;
		};
		267CB7E912B2DA2A00A9DFA0 /* Debug */ = {
			isa = XCBuildConfiguration;
			buildSettings = {
				ALWAYS_SEARCH_USER_PATHS = NO;
				COPY_PHASE_STRIP = NO;
				GCC_DYNAMIC_NO_PIC = NO;
				GCC_ENABLE_FIX_AND_CONTINUE = YES;
				GCC_MODEL_TUNING = G5;
				GCC_OPTIMIZATION_LEVEL = 0;
				GCC_PRECOMPILE_PREFIX_HEADER = NO;
				GCC_PREFIX_HEADER = "$(SYSTEM_LIBRARY_DIR)/Frameworks/AppKit.framework/Headers/AppKit.h";
				INSTALL_PATH = /usr/local/bin;
				OTHER_LDFLAGS = (
					"-framework",
					Foundation,
					"-framework",
					AppKit,
				);
				PREBINDING = NO;
				PRODUCT_NAME = Prototype;
			};
			name = Debug;
		};
		267CB7EA12B2DA2A00A9DFA0 /* Release */ = {
			isa = XCBuildConfiguration;
			buildSettings = {
				ALWAYS_SEARCH_USER_PATHS = NO;
				COPY_PHASE_STRIP = YES;
				DEBUG_INFORMATION_FORMAT = "dwarf-with-dsym";
				GCC_ENABLE_FIX_AND_CONTINUE = NO;
				GCC_MODEL_TUNING = G5;
				GCC_PRECOMPILE_PREFIX_HEADER = NO;
				GCC_PREFIX_HEADER = "$(SYSTEM_LIBRARY_DIR)/Frameworks/AppKit.framework/Headers/AppKit.h";
				INSTALL_PATH = /usr/local/bin;
				OTHER_LDFLAGS = (
					"-framework",
					Foundation,
					"-framework",
					AppKit,
				);
				PREBINDING = NO;
				PRODUCT_NAME = Prototype;
				ZERO_LINK = NO;
			};
			name = Release;
		};
		26A94CCC12B18B8A00D124EB /* Debug */ = {
			isa = XCBuildConfiguration;
			buildSettings = {
				ALWAYS_SEARCH_USER_PATHS = NO;
				COPY_PHASE_STRIP = NO;
				GCC_DYNAMIC_NO_PIC = NO;
				GCC_ENABLE_FIX_AND_CONTINUE = YES;
				GCC_MODEL_TUNING = G5;
				GCC_OPTIMIZATION_LEVEL = 0;
				GCC_PRECOMPILE_PREFIX_HEADER = NO;
				GCC_PREFIX_HEADER = "$(SYSTEM_LIBRARY_DIR)/Frameworks/AppKit.framework/Headers/AppKit.h";
				INSTALL_PATH = /usr/local/bin;
				OTHER_LDFLAGS = (
					"-framework",
					Foundation,
					"-framework",
					AppKit,
				);
				PREBINDING = NO;
				PRODUCT_NAME = FactoryMethod;
			};
			name = Debug;
		};
		26A94CCD12B18B8A00D124EB /* Release */ = {
			isa = XCBuildConfiguration;
			buildSettings = {
				ALWAYS_SEARCH_USER_PATHS = NO;
				COPY_PHASE_STRIP = YES;
				DEBUG_INFORMATION_FORMAT = "dwarf-with-dsym";
				GCC_ENABLE_FIX_AND_CONTINUE = NO;
				GCC_MODEL_TUNING = G5;
				GCC_PRECOMPILE_PREFIX_HEADER = NO;
				GCC_PREFIX_HEADER = "$(SYSTEM_LIBRARY_DIR)/Frameworks/AppKit.framework/Headers/AppKit.h";
				INSTALL_PATH = /usr/local/bin;
				OTHER_LDFLAGS = (
					"-framework",
					Foundation,
					"-framework",
					AppKit,
				);
				PREBINDING = NO;
				PRODUCT_NAME = FactoryMethod;
				ZERO_LINK = NO;
			};
			name = Release;
		};
		26FB07D712AEE18300E48A9A /* Debug */ = {
			isa = XCBuildConfiguration;
			buildSettings = {
				ALWAYS_SEARCH_USER_PATHS = NO;
				COPY_PHASE_STRIP = NO;
				GCC_DYNAMIC_NO_PIC = NO;
				GCC_ENABLE_FIX_AND_CONTINUE = YES;
				GCC_MODEL_TUNING = G5;
				GCC_OPTIMIZATION_LEVEL = 0;
				GCC_PRECOMPILE_PREFIX_HEADER = NO;
				GCC_PREFIX_HEADER = "$(SYSTEM_LIBRARY_DIR)/Frameworks/AppKit.framework/Headers/AppKit.h";
				GCC_WARN_PEDANTIC = NO;
				INSTALL_PATH = /usr/local/bin;
				OTHER_LDFLAGS = (
					"-framework",
					Foundation,
					"-framework",
					AppKit,
				);
				PREBINDING = NO;
				PRECOMPS_INCLUDE_HEADERS_FROM_BUILT_PRODUCTS_DIR = YES;
				PRODUCT_NAME = AbstractFactory;
			};
			name = Debug;
		};
		26FB07D812AEE18300E48A9A /* Release */ = {
			isa = XCBuildConfiguration;
			buildSettings = {
				ALWAYS_SEARCH_USER_PATHS = NO;
				COPY_PHASE_STRIP = YES;
				DEBUG_INFORMATION_FORMAT = "dwarf-with-dsym";
				GCC_ENABLE_FIX_AND_CONTINUE = NO;
				GCC_MODEL_TUNING = G5;
				GCC_PRECOMPILE_PREFIX_HEADER = NO;
				GCC_PREFIX_HEADER = "$(SYSTEM_LIBRARY_DIR)/Frameworks/AppKit.framework/Headers/AppKit.h";
				GCC_WARN_PEDANTIC = NO;
				INSTALL_PATH = /usr/local/bin;
				OTHER_LDFLAGS = (
					"-framework",
					Foundation,
					"-framework",
					AppKit,
				);
				PREBINDING = NO;
				PRECOMPS_INCLUDE_HEADERS_FROM_BUILT_PRODUCTS_DIR = YES;
				PRODUCT_NAME = AbstractFactory;
				ZERO_LINK = NO;
			};
			name = Release;
		};
		26FB080912AEE55C00E48A9A /* Debug */ = {
			isa = XCBuildConfiguration;
			buildSettings = {
				COPY_PHASE_STRIP = NO;
				GCC_DYNAMIC_NO_PIC = NO;
				GCC_OPTIMIZATION_LEVEL = 0;
				PRODUCT_NAME = All;
			};
			name = Debug;
		};
		26FB080A12AEE55C00E48A9A /* Release */ = {
			isa = XCBuildConfiguration;
			buildSettings = {
				COPY_PHASE_STRIP = YES;
				DEBUG_INFORMATION_FORMAT = "dwarf-with-dsym";
				GCC_ENABLE_FIX_AND_CONTINUE = NO;
				PRODUCT_NAME = All;
				ZERO_LINK = NO;
			};
			name = Release;
		};
/* End XCBuildConfiguration section */

/* Begin XCConfigurationList section */
		1DEB927808733DD40010E9CD /* Build configuration list for PBXProject "ObjC_Patterns_Kata" */ = {
			isa = XCConfigurationList;
			buildConfigurations = (
				1DEB927908733DD40010E9CD /* Debug */,
				1DEB927A08733DD40010E9CD /* Release */,
			);
			defaultConfigurationIsVisible = 0;
			defaultConfigurationName = Release;
		};
		260244A112B03315007CE3D1 /* Build configuration list for PBXNativeTarget "Builder" */ = {
			isa = XCConfigurationList;
			buildConfigurations = (
				2602449F12B032F7007CE3D1 /* Debug */,
				260244A012B032F7007CE3D1 /* Release */,
			);
			defaultConfigurationIsVisible = 0;
			defaultConfigurationName = Release;
		};
		2626AE0A12BA9B180008A579 /* Build configuration list for PBXNativeTarget "Bridge" */ = {
			isa = XCConfigurationList;
			buildConfigurations = (
				2626AE0212BA9AE40008A579 /* Debug */,
				2626AE0312BA9AE40008A579 /* Release */,
			);
			defaultConfigurationIsVisible = 0;
			defaultConfigurationName = Release;
		};
		2626AE7712BAB62D0008A579 /* Build configuration list for PBXNativeTarget "Composite" */ = {
			isa = XCConfigurationList;
			buildConfigurations = (
				2626AE7212BAB5F90008A579 /* Debug */,
				2626AE7312BAB5F90008A579 /* Release */,
			);
			defaultConfigurationIsVisible = 0;
			defaultConfigurationName = Release;
		};
		2653F69E12B6A47100C00F62 /* Build configuration list for PBXNativeTarget "Singleton" */ = {
			isa = XCConfigurationList;
			buildConfigurations = (
				2653F69912B6A44100C00F62 /* Debug */,
				2653F69A12B6A44100C00F62 /* Release */,
			);
			defaultConfigurationIsVisible = 0;
			defaultConfigurationName = Release;
		};
		2653F6DB12B6B4B800C00F62 /* Build configuration list for PBXNativeTarget "Adapter" */ = {
			isa = XCConfigurationList;
			buildConfigurations = (
				2653F6D812B6B48A00C00F62 /* Debug */,
				2653F6D912B6B48A00C00F62 /* Release */,
			);
			defaultConfigurationIsVisible = 0;
			defaultConfigurationName = Release;
		};
		267CB7F112B2DA6600A9DFA0 /* Build configuration list for PBXNativeTarget "Prototype" */ = {
			isa = XCConfigurationList;
			buildConfigurations = (
				267CB7E912B2DA2A00A9DFA0 /* Debug */,
				267CB7EA12B2DA2A00A9DFA0 /* Release */,
			);
			defaultConfigurationIsVisible = 0;
			defaultConfigurationName = Release;
		};
		26A94CD312B18BBF00D124EB /* Build configuration list for PBXNativeTarget "FactoryMethod" */ = {
			isa = XCConfigurationList;
			buildConfigurations = (
				26A94CCC12B18B8A00D124EB /* Debug */,
				26A94CCD12B18B8A00D124EB /* Release */,
			);
			defaultConfigurationIsVisible = 0;
			defaultConfigurationName = Release;
		};
		26FB07D912AEE1A100E48A9A /* Build configuration list for PBXNativeTarget "AbstractFactory" */ = {
			isa = XCConfigurationList;
			buildConfigurations = (
				26FB07D712AEE18300E48A9A /* Debug */,
				26FB07D812AEE18300E48A9A /* Release */,
			);
			defaultConfigurationIsVisible = 0;
			defaultConfigurationName = Release;
		};
		26FB081712AEE59500E48A9A /* Build configuration list for PBXAggregateTarget "All" */ = {
			isa = XCConfigurationList;
			buildConfigurations = (
				26FB080912AEE55C00E48A9A /* Debug */,
				26FB080A12AEE55C00E48A9A /* Release */,
			);
			defaultConfigurationIsVisible = 0;
			defaultConfigurationName = Release;
		};
/* End XCConfigurationList section */
	};
	rootObject = 08FB7793FE84155DC02AAC07 /* Project object */;
}
