// !$*UTF8*$!
{
	archiveVersion = 1;
	classes = {
	};
	objectVersion = 45;
	objects = {

/* Begin PBXAggregateTarget section */
		26FB080812AEE55C00E48A9A /* All */ = {
			isa = PBXAggregateTarget;
			buildConfigurationList = 26FB081712AEE59500E48A9A /* Build configuration list for PBXAggregateTarget "All" */;
			buildPhases = (
			);
			dependencies = (
				26FB080C12AEE56300E48A9A /* PBXTargetDependency */,
				260244A812B03367007CE3D1 /* PBXTargetDependency */,
				26A94CD012B18BA000D124EB /* PBXTargetDependency */,
			);
			name = All;
			productName = All;
		};
/* End PBXAggregateTarget section */

/* Begin PBXBuildFile section */
		2602447112AFFE30007CE3D1 /* AbstractFactory.m in Sources */ = {isa = PBXBuildFile; fileRef = 2602447012AFFE30007CE3D1 /* AbstractFactory.m */; };
		260244A312B03318007CE3D1 /* Builder.m in Sources */ = {isa = PBXBuildFile; fileRef = 260244A212B03318007CE3D1 /* Builder.m */; };
		260244A412B03331007CE3D1 /* Foundation.framework in Frameworks */ = {isa = PBXBuildFile; fileRef = 26FB07DD12AEE33F00E48A9A /* Foundation.framework */; };
		26A94CCE12B18B9300D124EB /* Foundation.framework in Frameworks */ = {isa = PBXBuildFile; fileRef = 26FB07DD12AEE33F00E48A9A /* Foundation.framework */; };
		26A94CD212B18BBF00D124EB /* FactoryMethod.m in Sources */ = {isa = PBXBuildFile; fileRef = 26A94CD112B18BBF00D124EB /* FactoryMethod.m */; };
		26FB07DE12AEE33F00E48A9A /* Foundation.framework in Frameworks */ = {isa = PBXBuildFile; fileRef = 26FB07DD12AEE33F00E48A9A /* Foundation.framework */; };
/* End PBXBuildFile section */

/* Begin PBXContainerItemProxy section */
		260244A712B03367007CE3D1 /* PBXContainerItemProxy */ = {
			isa = PBXContainerItemProxy;
			containerPortal = 08FB7793FE84155DC02AAC07 /* Project object */;
			proxyType = 1;
			remoteGlobalIDString = 2602449C12B032F7007CE3D1;
			remoteInfo = Builder;
		};
		26A94CCF12B18BA000D124EB /* PBXContainerItemProxy */ = {
			isa = PBXContainerItemProxy;
			containerPortal = 08FB7793FE84155DC02AAC07 /* Project object */;
			proxyType = 1;
			remoteGlobalIDString = 26A94CC912B18B8900D124EB /* FactoryMethod */;
			remoteInfo = FactoryMethod;
		};
		26FB080B12AEE56300E48A9A /* PBXContainerItemProxy */ = {
			isa = PBXContainerItemProxy;
			containerPortal = 08FB7793FE84155DC02AAC07 /* Project object */;
			proxyType = 1;
			remoteGlobalIDString = 26FB07D412AEE18300E48A9A;
			remoteInfo = AbstractFactory;
		};
/* End PBXContainerItemProxy section */

/* Begin PBXFileReference section */
		08FB779EFE84155DC02AAC07 /* Foundation.framework */ = {isa = PBXFileReference; lastKnownFileType = wrapper.framework; name = Foundation.framework; path = /System/Library/Frameworks/Foundation.framework; sourceTree = "<absolute>"; };
		2602447012AFFE30007CE3D1 /* AbstractFactory.m */ = {isa = PBXFileReference; fileEncoding = 4; lastKnownFileType = sourcecode.c.objc; name = AbstractFactory.m; path = Source/AbstractFactory.m; sourceTree = "<group>"; };
		2602449D12B032F7007CE3D1 /* Builder */ = {isa = PBXFileReference; explicitFileType = "compiled.mach-o.executable"; includeInIndex = 0; path = Builder; sourceTree = BUILT_PRODUCTS_DIR; };
		260244A212B03318007CE3D1 /* Builder.m */ = {isa = PBXFileReference; fileEncoding = 4; lastKnownFileType = sourcecode.c.objc; name = Builder.m; path = Source/Builder.m; sourceTree = "<group>"; };
		26A94CCA12B18B8900D124EB /* FactoryMethod */ = {isa = PBXFileReference; explicitFileType = "compiled.mach-o.executable"; includeInIndex = 0; path = FactoryMethod; sourceTree = BUILT_PRODUCTS_DIR; };
		26A94CD112B18BBF00D124EB /* FactoryMethod.m */ = {isa = PBXFileReference; fileEncoding = 4; lastKnownFileType = sourcecode.c.objc; name = FactoryMethod.m; path = Source/FactoryMethod.m; sourceTree = "<group>"; };
		26FB07D512AEE18300E48A9A /* AbstractFactory */ = {isa = PBXFileReference; explicitFileType = "compiled.mach-o.executable"; includeInIndex = 0; path = AbstractFactory; sourceTree = BUILT_PRODUCTS_DIR; };
		26FB07DD12AEE33F00E48A9A /* Foundation.framework */ = {isa = PBXFileReference; lastKnownFileType = wrapper.framework; name = Foundation.framework; path = System/Library/Frameworks/Foundation.framework; sourceTree = SDKROOT; };
/* End PBXFileReference section */

/* Begin PBXFrameworksBuildPhase section */
		2602449B12B032F7007CE3D1 /* Frameworks */ = {
			isa = PBXFrameworksBuildPhase;
			buildActionMask = 2147483647;
			files = (
				260244A412B03331007CE3D1 /* Foundation.framework in Frameworks */,
			);
			runOnlyForDeploymentPostprocessing = 0;
		};
		26A94CC812B18B8900D124EB /* Frameworks */ = {
			isa = PBXFrameworksBuildPhase;
			buildActionMask = 2147483647;
			files = (
				26A94CCE12B18B9300D124EB /* Foundation.framework in Frameworks */,
			);
			runOnlyForDeploymentPostprocessing = 0;
		};
		26FB07D312AEE18300E48A9A /* Frameworks */ = {
			isa = PBXFrameworksBuildPhase;
			buildActionMask = 2147483647;
			files = (
				26FB07DE12AEE33F00E48A9A /* Foundation.framework in Frameworks */,
			);
			runOnlyForDeploymentPostprocessing = 0;
		};
/* End PBXFrameworksBuildPhase section */

/* Begin PBXGroup section */
		08FB7794FE84155DC02AAC07 /* ObjC_Patterns_Kata */ = {
			isa = PBXGroup;
			children = (
				08FB7795FE84155DC02AAC07 /* Source */,
				C6859EA2029092E104C91782 /* Documentation */,
				08FB779DFE84155DC02AAC07 /* External Frameworks and Libraries */,
				1AB674ADFE9D54B511CA2CBB /* Products */,
				26FB07DD12AEE33F00E48A9A /* Foundation.framework */,
			);
			name = ObjC_Patterns_Kata;
			sourceTree = "<group>";
		};
		08FB7795FE84155DC02AAC07 /* Source */ = {
			isa = PBXGroup;
			children = (
				2602447012AFFE30007CE3D1 /* AbstractFactory.m */,
				260244A212B03318007CE3D1 /* Builder.m */,
				26A94CD112B18BBF00D124EB /* FactoryMethod.m */,
			);
			name = Source;
			sourceTree = "<group>";
		};
		08FB779DFE84155DC02AAC07 /* External Frameworks and Libraries */ = {
			isa = PBXGroup;
			children = (
				08FB779EFE84155DC02AAC07 /* Foundation.framework */,
			);
			name = "External Frameworks and Libraries";
			sourceTree = "<group>";
		};
		1AB674ADFE9D54B511CA2CBB /* Products */ = {
			isa = PBXGroup;
			children = (
				26FB07D512AEE18300E48A9A /* AbstractFactory */,
				2602449D12B032F7007CE3D1 /* Builder */,
				26A94CCA12B18B8900D124EB /* FactoryMethod */,
			);
			name = Products;
			sourceTree = "<group>";
		};
		C6859EA2029092E104C91782 /* Documentation */ = {
			isa = PBXGroup;
			children = (
			);
			name = Documentation;
			sourceTree = "<group>";
		};
/* End PBXGroup section */

/* Begin PBXNativeTarget section */
		2602449C12B032F7007CE3D1 /* Builder */ = {
			isa = PBXNativeTarget;
			buildConfigurationList = 260244A112B03315007CE3D1 /* Build configuration list for PBXNativeTarget "Builder" */;
			buildPhases = (
				2602449A12B032F7007CE3D1 /* Sources */,
				2602449B12B032F7007CE3D1 /* Frameworks */,
			);
			buildRules = (
			);
			dependencies = (
			);
			name = Builder;
			productName = Builder;
			productReference = 2602449D12B032F7007CE3D1 /* Builder */;
			productType = "com.apple.product-type.tool";
		};
		26A94CC912B18B8900D124EB /* FactoryMethod */ = {
			isa = PBXNativeTarget;
			buildConfigurationList = 26A94CD312B18BBF00D124EB /* Build configuration list for PBXNativeTarget "FactoryMethod" */;
			buildPhases = (
				26A94CC712B18B8900D124EB /* Sources */,
				26A94CC812B18B8900D124EB /* Frameworks */,
			);
			buildRules = (
			);
			dependencies = (
			);
			name = FactoryMethod;
			productName = FactoryMethod;
			productReference = 26A94CCA12B18B8900D124EB /* FactoryMethod */;
			productType = "com.apple.product-type.tool";
		};
		26FB07D412AEE18300E48A9A /* AbstractFactory */ = {
			isa = PBXNativeTarget;
			buildConfigurationList = 26FB07D912AEE1A100E48A9A /* Build configuration list for PBXNativeTarget "AbstractFactory" */;
			buildPhases = (
				26FB07D212AEE18300E48A9A /* Sources */,
				26FB07D312AEE18300E48A9A /* Frameworks */,
			);
			buildRules = (
			);
			dependencies = (
			);
			name = AbstractFactory;
			productName = AbstractFactory;
			productReference = 26FB07D512AEE18300E48A9A /* AbstractFactory */;
			productType = "com.apple.product-type.tool";
		};
/* End PBXNativeTarget section */

/* Begin PBXProject section */
		08FB7793FE84155DC02AAC07 /* Project object */ = {
			isa = PBXProject;
			buildConfigurationList = 1DEB927808733DD40010E9CD /* Build configuration list for PBXProject "ObjC_Patterns_Kata" */;
			compatibilityVersion = "Xcode 3.1";
			hasScannedForEncodings = 1;
			mainGroup = 08FB7794FE84155DC02AAC07 /* ObjC_Patterns_Kata */;
			projectDirPath = "";
			projectRoot = "";
			targets = (
				26FB07D412AEE18300E48A9A /* AbstractFactory */,
				26FB080812AEE55C00E48A9A /* All */,
				2602449C12B032F7007CE3D1 /* Builder */,
				26A94CC912B18B8900D124EB /* FactoryMethod */,
			);
		};
/* End PBXProject section */

/* Begin PBXSourcesBuildPhase section */
		2602449A12B032F7007CE3D1 /* Sources */ = {
			isa = PBXSourcesBuildPhase;
			buildActionMask = 2147483647;
			files = (
				260244A312B03318007CE3D1 /* Builder.m in Sources */,
			);
			runOnlyForDeploymentPostprocessing = 0;
		};
		26A94CC712B18B8900D124EB /* Sources */ = {
			isa = PBXSourcesBuildPhase;
			buildActionMask = 2147483647;
			files = (
				26A94CD212B18BBF00D124EB /* FactoryMethod.m in Sources */,
			);
			runOnlyForDeploymentPostprocessing = 0;
		};
		26FB07D212AEE18300E48A9A /* Sources */ = {
			isa = PBXSourcesBuildPhase;
			buildActionMask = 2147483647;
			files = (
				2602447112AFFE30007CE3D1 /* AbstractFactory.m in Sources */,
			);
			runOnlyForDeploymentPostprocessing = 0;
		};
/* End PBXSourcesBuildPhase section */

/* Begin PBXTargetDependency section */
		260244A812B03367007CE3D1 /* PBXTargetDependency */ = {
			isa = PBXTargetDependency;
			target = 2602449C12B032F7007CE3D1 /* Builder */;
			targetProxy = 260244A712B03367007CE3D1 /* PBXContainerItemProxy */;
		};
		26A94CD012B18BA000D124EB /* PBXTargetDependency */ = {
			isa = PBXTargetDependency;
			target = 26A94CC912B18B8900D124EB /* FactoryMethod */;
			targetProxy = 26A94CCF12B18BA000D124EB /* PBXContainerItemProxy */;
		};
		26FB080C12AEE56300E48A9A /* PBXTargetDependency */ = {
			isa = PBXTargetDependency;
			target = 26FB07D412AEE18300E48A9A /* AbstractFactory */;
			targetProxy = 26FB080B12AEE56300E48A9A /* PBXContainerItemProxy */;
		};
/* End PBXTargetDependency section */

/* Begin XCBuildConfiguration section */
		1DEB927908733DD40010E9CD /* Debug */ = {
			isa = XCBuildConfiguration;
			buildSettings = {
				ARCHS = "$(ARCHS_STANDARD_32_64_BIT)";
				GCC_C_LANGUAGE_STANDARD = gnu99;
				GCC_OPTIMIZATION_LEVEL = 0;
				GCC_WARN_ABOUT_RETURN_TYPE = YES;
				GCC_WARN_UNUSED_VARIABLE = YES;
				ONLY_ACTIVE_ARCH = YES;
				PREBINDING = NO;
				SDKROOT = macosx10.6;
			};
			name = Debug;
		};
		1DEB927A08733DD40010E9CD /* Release */ = {
			isa = XCBuildConfiguration;
			buildSettings = {
				ARCHS = "$(ARCHS_STANDARD_32_64_BIT)";
				GCC_C_LANGUAGE_STANDARD = gnu99;
				GCC_WARN_ABOUT_RETURN_TYPE = YES;
				GCC_WARN_UNUSED_VARIABLE = YES;
				PREBINDING = NO;
				SDKROOT = macosx10.6;
			};
			name = Release;
		};
		2602449F12B032F7007CE3D1 /* Debug */ = {
			isa = XCBuildConfiguration;
			buildSettings = {
				ALWAYS_SEARCH_USER_PATHS = NO;
				COPY_PHASE_STRIP = NO;
				GCC_DYNAMIC_NO_PIC = NO;
				GCC_ENABLE_FIX_AND_CONTINUE = YES;
				GCC_MODEL_TUNING = G5;
				GCC_OPTIMIZATION_LEVEL = 0;
				GCC_PRECOMPILE_PREFIX_HEADER = YES;
				GCC_PREFIX_HEADER = "$(SYSTEM_LIBRARY_DIR)/Frameworks/AppKit.framework/Headers/AppKit.h";
				INSTALL_PATH = /usr/local/bin;
				OTHER_LDFLAGS = (
					"-framework",
					Foundation,
					"-framework",
					AppKit,
				);
				PREBINDING = NO;
				PRODUCT_NAME = Builder;
			};
			name = Debug;
		};
		260244A012B032F7007CE3D1 /* Release */ = {
			isa = XCBuildConfiguration;
			buildSettings = {
				ALWAYS_SEARCH_USER_PATHS = NO;
				COPY_PHASE_STRIP = YES;
				DEBUG_INFORMATION_FORMAT = "dwarf-with-dsym";
				GCC_ENABLE_FIX_AND_CONTINUE = NO;
				GCC_MODEL_TUNING = G5;
				GCC_PRECOMPILE_PREFIX_HEADER = YES;
				GCC_PREFIX_HEADER = "$(SYSTEM_LIBRARY_DIR)/Frameworks/AppKit.framework/Headers/AppKit.h";
				INSTALL_PATH = /usr/local/bin;
				OTHER_LDFLAGS = (
					"-framework",
					Foundation,
					"-framework",
					AppKit,
				);
				PREBINDING = NO;
				PRODUCT_NAME = Builder;
				ZERO_LINK = NO;
			};
			name = Release;
		};
		26A94CCC12B18B8A00D124EB /* Debug */ = {
			isa = XCBuildConfiguration;
			buildSettings = {
				ALWAYS_SEARCH_USER_PATHS = NO;
				COPY_PHASE_STRIP = NO;
				GCC_DYNAMIC_NO_PIC = NO;
				GCC_ENABLE_FIX_AND_CONTINUE = YES;
				GCC_MODEL_TUNING = G5;
				GCC_OPTIMIZATION_LEVEL = 0;
				GCC_PRECOMPILE_PREFIX_HEADER = YES;
				GCC_PREFIX_HEADER = "$(SYSTEM_LIBRARY_DIR)/Frameworks/AppKit.framework/Headers/AppKit.h";
				INSTALL_PATH = /usr/local/bin;
				OTHER_LDFLAGS = (
					"-framework",
					Foundation,
					"-framework",
					AppKit,
				);
				PREBINDING = NO;
				PRODUCT_NAME = FactoryMethod;
			};
			name = Debug;
		};
		26A94CCD12B18B8A00D124EB /* Release */ = {
			isa = XCBuildConfiguration;
			buildSettings = {
				ALWAYS_SEARCH_USER_PATHS = NO;
				COPY_PHASE_STRIP = YES;
				DEBUG_INFORMATION_FORMAT = "dwarf-with-dsym";
				GCC_ENABLE_FIX_AND_CONTINUE = NO;
				GCC_MODEL_TUNING = G5;
				GCC_PRECOMPILE_PREFIX_HEADER = YES;
				GCC_PREFIX_HEADER = "$(SYSTEM_LIBRARY_DIR)/Frameworks/AppKit.framework/Headers/AppKit.h";
				INSTALL_PATH = /usr/local/bin;
				OTHER_LDFLAGS = (
					"-framework",
					Foundation,
					"-framework",
					AppKit,
				);
				PREBINDING = NO;
				PRODUCT_NAME = FactoryMethod;
				ZERO_LINK = NO;
			};
			name = Release;
		};
		26FB07D712AEE18300E48A9A /* Debug */ = {
			isa = XCBuildConfiguration;
			buildSettings = {
				ALWAYS_SEARCH_USER_PATHS = NO;
				COPY_PHASE_STRIP = NO;
				GCC_DYNAMIC_NO_PIC = NO;
				GCC_ENABLE_FIX_AND_CONTINUE = YES;
				GCC_MODEL_TUNING = G5;
				GCC_OPTIMIZATION_LEVEL = 0;
				GCC_PRECOMPILE_PREFIX_HEADER = NO;
				GCC_PREFIX_HEADER = "$(SYSTEM_LIBRARY_DIR)/Frameworks/AppKit.framework/Headers/AppKit.h";
				GCC_WARN_PEDANTIC = NO;
				INSTALL_PATH = /usr/local/bin;
				OTHER_LDFLAGS = (
					"-framework",
					Foundation,
					"-framework",
					AppKit,
				);
				PREBINDING = NO;
				PRECOMPS_INCLUDE_HEADERS_FROM_BUILT_PRODUCTS_DIR = YES;
				PRODUCT_NAME = AbstractFactory;
			};
			name = Debug;
		};
		26FB07D812AEE18300E48A9A /* Release */ = {
			isa = XCBuildConfiguration;
			buildSettings = {
				ALWAYS_SEARCH_USER_PATHS = NO;
				COPY_PHASE_STRIP = YES;
				DEBUG_INFORMATION_FORMAT = "dwarf-with-dsym";
				GCC_ENABLE_FIX_AND_CONTINUE = NO;
				GCC_MODEL_TUNING = G5;
				GCC_PRECOMPILE_PREFIX_HEADER = NO;
				GCC_PREFIX_HEADER = "$(SYSTEM_LIBRARY_DIR)/Frameworks/AppKit.framework/Headers/AppKit.h";
				GCC_WARN_PEDANTIC = NO;
				INSTALL_PATH = /usr/local/bin;
				OTHER_LDFLAGS = (
					"-framework",
					Foundation,
					"-framework",
					AppKit,
				);
				PREBINDING = NO;
				PRECOMPS_INCLUDE_HEADERS_FROM_BUILT_PRODUCTS_DIR = YES;
				PRODUCT_NAME = AbstractFactory;
				ZERO_LINK = NO;
			};
			name = Release;
		};
		26FB080912AEE55C00E48A9A /* Debug */ = {
			isa = XCBuildConfiguration;
			buildSettings = {
				COPY_PHASE_STRIP = NO;
				GCC_DYNAMIC_NO_PIC = NO;
				GCC_OPTIMIZATION_LEVEL = 0;
				PRODUCT_NAME = All;
			};
			name = Debug;
		};
		26FB080A12AEE55C00E48A9A /* Release */ = {
			isa = XCBuildConfiguration;
			buildSettings = {
				COPY_PHASE_STRIP = YES;
				DEBUG_INFORMATION_FORMAT = "dwarf-with-dsym";
				GCC_ENABLE_FIX_AND_CONTINUE = NO;
				PRODUCT_NAME = All;
				ZERO_LINK = NO;
			};
			name = Release;
		};
/* End XCBuildConfiguration section */

/* Begin XCConfigurationList section */
		1DEB927808733DD40010E9CD /* Build configuration list for PBXProject "ObjC_Patterns_Kata" */ = {
			isa = XCConfigurationList;
			buildConfigurations = (
				1DEB927908733DD40010E9CD /* Debug */,
				1DEB927A08733DD40010E9CD /* Release */,
			);
			defaultConfigurationIsVisible = 0;
			defaultConfigurationName = Release;
		};
		260244A112B03315007CE3D1 /* Build configuration list for PBXNativeTarget "Builder" */ = {
			isa = XCConfigurationList;
			buildConfigurations = (
				2602449F12B032F7007CE3D1 /* Debug */,
				260244A012B032F7007CE3D1 /* Release */,
			);
			defaultConfigurationIsVisible = 0;
			defaultConfigurationName = Release;
		};
		26A94CD312B18BBF00D124EB /* Build configuration list for PBXNativeTarget "FactoryMethod" */ = {
			isa = XCConfigurationList;
			buildConfigurations = (
				26A94CCC12B18B8A00D124EB /* Debug */,
				26A94CCD12B18B8A00D124EB /* Release */,
			);
			defaultConfigurationIsVisible = 0;
			defaultConfigurationName = Release;
		};
		26FB07D912AEE1A100E48A9A /* Build configuration list for PBXNativeTarget "AbstractFactory" */ = {
			isa = XCConfigurationList;
			buildConfigurations = (
				26FB07D712AEE18300E48A9A /* Debug */,
				26FB07D812AEE18300E48A9A /* Release */,
			);
			defaultConfigurationIsVisible = 0;
			defaultConfigurationName = Release;
		};
		26FB081712AEE59500E48A9A /* Build configuration list for PBXAggregateTarget "All" */ = {
			isa = XCConfigurationList;
			buildConfigurations = (
				26FB080912AEE55C00E48A9A /* Debug */,
				26FB080A12AEE55C00E48A9A /* Release */,
			);
			defaultConfigurationIsVisible = 0;
			defaultConfigurationName = Release;
		};
/* End XCConfigurationList section */
	};
	rootObject = 08FB7793FE84155DC02AAC07 /* Project object */;
}
